
Microsoft Visual Studio Solution File, Format Version 12.00
# Visual Studio Version 17
VisualStudioVersion = 17.10.36631.13
MinimumVisualStudioVersion = 10.0.40219.1
Project("{9A19103F-16F7-4668-BE54-9A1E7A4F7556}") = "Chat", "Chat\Chat.csproj", "{0D074FB0-901E-4819-9433-DB5792AFD02F}"
EndProject
Global
	GlobalSection(SolutionConfigurationPlatforms) = preSolution
		Debug|Any CPU = Debug|Any CPU
		Release|Any CPU = Release|Any CPU
	EndGlobalSection
	GlobalSection(ProjectConfigurationPlatforms) = postSolution
		{0D074FB0-901E-4819-9433-DB5792AFD02F}.Debug|Any CPU.ActiveCfg = Debug|Any CPU
		{0D074FB0-901E-4819-9433-DB5792AFD02F}.Debug|Any CPU.Build.0 = Debug|Any CPU
		{0D074FB0-901E-4819-9433-DB5792AFD02F}.Release|Any CPU.ActiveCfg = Release|Any CPU
		{0D074FB0-901E-4819-9433-DB5792AFD02F}.Release|Any CPU.Build.0 = Release|Any CPU
	EndGlobalSection
	GlobalSection(SolutionProperties) = preSolution
		HideSolutionNode = FALSE
	EndGlobalSection
	GlobalSection(ExtensibilityGlobals) = postSolution
		SolutionGuid = {991CDE9C-4B1C-4DFF-A90A-F66752422A7B}
	EndGlobalSection
EndGlobal
